
Microsoft Visual Studio Solution File, Format Version 12.00
# Visual Studio 2012
Project("{FAE04EC0-301F-11D3-BF4B-00C04F79EFBC}") = "LFHeatMap", "LFHeatMap.csproj", "{49978D09-B027-40AF-9FF5-B3BCA3D58550}"
EndProject
Global
	GlobalSection(SolutionConfigurationPlatforms) = preSolution
		Debug|Any CPU = Debug|Any CPU
		Release|Any CPU = Release|Any CPU
	EndGlobalSection
	GlobalSection(ProjectConfigurationPlatforms) = postSolution
		{49978D09-B027-40AF-9FF5-B3BCA3D58550}.Debug|Any CPU.ActiveCfg = Debug|Any CPU
		{49978D09-B027-40AF-9FF5-B3BCA3D58550}.Debug|Any CPU.Build.0 = Debug|Any CPU
		{49978D09-B027-40AF-9FF5-B3BCA3D58550}.Release|Any CPU.ActiveCfg = Release|Any CPU
		{49978D09-B027-40AF-9FF5-B3BCA3D58550}.Release|Any CPU.Build.0 = Release|Any CPU
	EndGlobalSection
EndGlobal
