// !$*UTF8*$!
{
	archiveVersion = 1;
	classes = {
	};
	objectVersion = 46;
	objects = {

/* Begin PBXBuildFile section */
		FFA5BF811C16FC7100EC2249 /* LFHeatMap.h in CopyFiles */ = {isa = PBXBuildFile; fileRef = FFA5BF801C16FC7100EC2249 /* LFHeatMap.h */; };
		FFA5BF831C16FC7100EC2249 /* LFHeatMap.m in Sources */ = {isa = PBXBuildFile; fileRef = FFA5BF821C16FC7100EC2249 /* LFHeatMap.m */; };
/* End PBXBuildFile section */

/* Begin PBXCopyFilesBuildPhase section */
		FFA5BF7B1C16FC7100EC2249 /* CopyFiles */ = {
			isa = PBXCopyFilesBuildPhase;
			buildActionMask = 2147483647;
			dstPath = "include/$(PRODUCT_NAME)";
			dstSubfolderSpec = 16;
			files = (
				FFA5BF811C16FC7100EC2249 /* LFHeatMap.h in CopyFiles */,
			);
			runOnlyForDeploymentPostprocessing = 0;
		};
/* End PBXCopyFilesBuildPhase section */

/* Begin PBXFileReference section */
		FFA5BF7D1C16FC7100EC2249 /* libLFHeatMap.a */ = {isa = PBXFileReference; explicitFileType = archive.ar; includeInIndex = 0; path = libLFHeatMap.a; sourceTree = BUILT_PRODUCTS_DIR; };
		FFA5BF801C16FC7100EC2249 /* LFHeatMap.h */ = {isa = PBXFileReference; lastKnownFileType = sourcecode.c.h; path = LFHeatMap.h; sourceTree = "<group>"; };
		FFA5BF821C16FC7100EC2249 /* LFHeatMap.m */ = {isa = PBXFileReference; lastKnownFileType = sourcecode.c.objc; path = LFHeatMap.m; sourceTree = "<group>"; };
/* End PBXFileReference section */

/* Begin PBXFrameworksBuildPhase section */
		FFA5BF7A1C16FC7100EC2249 /* Frameworks */ = {
			isa = PBXFrameworksBuildPhase;
			buildActionMask = 2147483647;
			files = (
			);
			runOnlyForDeploymentPostprocessing = 0;
		};
/* End PBXFrameworksBuildPhase section */

/* Begin PBXGroup section */
		FFA5BF741C16FC7100EC2249 = {
			isa = PBXGroup;
			children = (
				FFA5BF7F1C16FC7100EC2249 /* LFHeatMap */,
				FFA5BF7E1C16FC7100EC2249 /* Products */,
			);
			sourceTree = "<group>";
		};
		FFA5BF7E1C16FC7100EC2249 /* Products */ = {
			isa = PBXGroup;
			children = (
				FFA5BF7D1C16FC7100EC2249 /* libLFHeatMap.a */,
			);
			name = Products;
			sourceTree = "<group>";
		};
		FFA5BF7F1C16FC7100EC2249 /* LFHeatMap */ = {
			isa = PBXGroup;
			children = (
				FFA5BF801C16FC7100EC2249 /* LFHeatMap.h */,
				FFA5BF821C16FC7100EC2249 /* LFHeatMap.m */,
			);
			path = LFHeatMap;
			sourceTree = "<group>";
		};
/* End PBXGroup section */

/* Begin PBXNativeTarget section */
		FFA5BF7C1C16FC7100EC2249 /* LFHeatMap */ = {
			isa = PBXNativeTarget;
			buildConfigurationList = FFA5BF861C16FC7100EC2249 /* Build configuration list for PBXNativeTarget "LFHeatMap" */;
			buildPhases = (
				FFA5BF791C16FC7100EC2249 /* Sources */,
				FFA5BF7A1C16FC7100EC2249 /* Frameworks */,
				FFA5BF7B1C16FC7100EC2249 /* CopyFiles */,
			);
			buildRules = (
			);
			dependencies = (
			);
			name = LFHeatMap;
			productName = LFHeatMap;
			productReference = FFA5BF7D1C16FC7100EC2249 /* libLFHeatMap.a */;
			productType = "com.apple.product-type.library.static";
		};
/* End PBXNativeTarget section */

/* Begin PBXProject section */
		FFA5BF751C16FC7100EC2249 /* Project object */ = {
			isa = PBXProject;
			attributes = {
				LastUpgradeCheck = 0710;
				ORGANIZATIONNAME = GreeTechLab;
				TargetAttributes = {
					FFA5BF7C1C16FC7100EC2249 = {
						CreatedOnToolsVersion = 7.1.1;
					};
				};
			};
			buildConfigurationList = FFA5BF781C16FC7100EC2249 /* Build configuration list for PBXProject "LFHeatMap" */;
			compatibilityVersion = "Xcode 3.2";
			developmentRegion = English;
			hasScannedForEncodings = 0;
			knownRegions = (
				en,
			);
			mainGroup = FFA5BF741C16FC7100EC2249;
			productRefGroup = FFA5BF7E1C16FC7100EC2249 /* Products */;
			projectDirPath = "";
			projectRoot = "";
			targets = (
				FFA5BF7C1C16FC7100EC2249 /* LFHeatMap */,
			);
		};
/* End PBXProject section */

/* Begin PBXSourcesBuildPhase section */
		FFA5BF791C16FC7100EC2249 /* Sources */ = {
			isa = PBXSourcesBuildPhase;
			buildActionMask = 2147483647;
			files = (
				FFA5BF831C16FC7100EC2249 /* LFHeatMap.m in Sources */,
			);
			runOnlyForDeploymentPostprocessing = 0;
		};
/* End PBXSourcesBuildPhase section */

/* Begin XCBuildConfiguration section */
		FFA5BF841C16FC7100EC2249 /* Debug */ = {
			isa = XCBuildConfiguration;
			buildSettings = {
				ALWAYS_SEARCH_USER_PATHS = NO;
				CLANG_CXX_LANGUAGE_STANDARD = "gnu++0x";
				CLANG_CXX_LIBRARY = "libc++";
				CLANG_ENABLE_MODULES = YES;
				CLANG_ENABLE_OBJC_ARC = YES;
				CLANG_WARN_BOOL_CONVERSION = YES;
				CLANG_WARN_CONSTANT_CONVERSION = YES;
				CLANG_WARN_DIRECT_OBJC_ISA_USAGE = YES_ERROR;
				CLANG_WARN_EMPTY_BODY = YES;
				CLANG_WARN_ENUM_CONVERSION = YES;
				CLANG_WARN_INT_CONVERSION = YES;
				CLANG_WARN_OBJC_ROOT_CLASS = YES_ERROR;
				CLANG_WARN_UNREACHABLE_CODE = YES;
				CLANG_WARN__DUPLICATE_METHOD_MATCH = YES;
				"CODE_SIGN_IDENTITY[sdk=iphoneos*]" = "iPhone Developer";
				COPY_PHASE_STRIP = NO;
				DEBUG_INFORMATION_FORMAT = dwarf;
				ENABLE_STRICT_OBJC_MSGSEND = YES;
				ENABLE_TESTABILITY = YES;
				GCC_C_LANGUAGE_STANDARD = gnu99;
				GCC_DYNAMIC_NO_PIC = NO;
				GCC_NO_COMMON_BLOCKS = YES;
				GCC_OPTIMIZATION_LEVEL = 0;
				GCC_PREPROCESSOR_DEFINITIONS = (
					"DEBUG=1",
					"$(inherited)",
				);
				GCC_WARN_64_TO_32_BIT_CONVERSION = YES;
				GCC_WARN_ABOUT_RETURN_TYPE = YES_ERROR;
				GCC_WARN_UNDECLARED_SELECTOR = YES;
				GCC_WARN_UNINITIALIZED_AUTOS = YES_AGGRESSIVE;
				GCC_WARN_UNUSED_FUNCTION = YES;
				GCC_WARN_UNUSED_VARIABLE = YES;
				IPHONEOS_DEPLOYMENT_TARGET = 9.1;
				MTL_ENABLE_DEBUG_INFO = YES;
				ONLY_ACTIVE_ARCH = YES;
				SDKROOT = iphoneos;
			};
			name = Debug;
		};
		FFA5BF851C16FC7100EC2249 /* Release */ = {
			isa = XCBuildConfiguration;
			buildSettings = {
				ALWAYS_SEARCH_USER_PATHS = NO;
				CLANG_CXX_LANGUAGE_STANDARD = "gnu++0x";
				CLANG_CXX_LIBRARY = "libc++";
				CLANG_ENABLE_MODULES = YES;
				CLANG_ENABLE_OBJC_ARC = YES;
				CLANG_WARN_BOOL_CONVERSION = YES;
				CLANG_WARN_CONSTANT_CONVERSION = YES;
				CLANG_WARN_DIRECT_OBJC_ISA_USAGE = YES_ERROR;
				CLANG_WARN_EMPTY_BODY = YES;
				CLANG_WARN_ENUM_CONVERSION = YES;
				CLANG_WARN_INT_CONVERSION = YES;
				CLANG_WARN_OBJC_ROOT_CLASS = YES_ERROR;
				CLANG_WARN_UNREACHABLE_CODE = YES;
				CLANG_WARN__DUPLICATE_METHOD_MATCH = YES;
				"CODE_SIGN_IDENTITY[sdk=iphoneos*]" = "iPhone Developer";
				COPY_PHASE_STRIP = NO;
				DEBUG_INFORMATION_FORMAT = "dwarf-with-dsym";
				ENABLE_NS_ASSERTIONS = NO;
				ENABLE_STRICT_OBJC_MSGSEND = YES;
				GCC_C_LANGUAGE_STANDARD = gnu99;
				GCC_NO_COMMON_BLOCKS = YES;
				GCC_WARN_64_TO_32_BIT_CONVERSION = YES;
				GCC_WARN_ABOUT_RETURN_TYPE = YES_ERROR;
				GCC_WARN_UNDECLARED_SELECTOR = YES;
				GCC_WARN_UNINITIALIZED_AUTOS = YES_AGGRESSIVE;
				GCC_WARN_UNUSED_FUNCTION = YES;
				GCC_WARN_UNUSED_VARIABLE = YES;
				IPHONEOS_DEPLOYMENT_TARGET = 9.1;
				MTL_ENABLE_DEBUG_INFO = NO;
				SDKROOT = iphoneos;
				VALIDATE_PRODUCT = YES;
			};
			name = Release;
		};
		FFA5BF871C16FC7100EC2249 /* Debug */ = {
			isa = XCBuildConfiguration;
			buildSettings = {
				CODE_SIGN_IDENTITY = "iPhone Developer";
				OTHER_LDFLAGS = "-ObjC";
				PRODUCT_NAME = "$(TARGET_NAME)";
				SKIP_INSTALL = YES;
			};
			name = Debug;
		};
		FFA5BF881C16FC7100EC2249 /* Release */ = {
			isa = XCBuildConfiguration;
			buildSettings = {
				CODE_SIGN_IDENTITY = "iPhone Developer";
				OTHER_LDFLAGS = "-ObjC";
				PRODUCT_NAME = "$(TARGET_NAME)";
				SKIP_INSTALL = YES;
			};
			name = Release;
		};
/* End XCBuildConfiguration section */

/* Begin XCConfigurationList section */
		FFA5BF781C16FC7100EC2249 /* Build configuration list for PBXProject "LFHeatMap" */ = {
			isa = XCConfigurationList;
			buildConfigurations = (
				FFA5BF841C16FC7100EC2249 /* Debug */,
				FFA5BF851C16FC7100EC2249 /* Release */,
			);
			defaultConfigurationIsVisible = 0;
			defaultConfigurationName = Release;
		};
		FFA5BF861C16FC7100EC2249 /* Build configuration list for PBXNativeTarget "LFHeatMap" */ = {
			isa = XCConfigurationList;
			buildConfigurations = (
				FFA5BF871C16FC7100EC2249 /* Debug */,
				FFA5BF881C16FC7100EC2249 /* Release */,
			);
			defaultConfigurationIsVisible = 0;
		};
/* End XCConfigurationList section */
	};
	rootObject = FFA5BF751C16FC7100EC2249 /* Project object */;
}
